
Microsoft Visual Studio Solution File, Format Version 12.00
# Visual Studio Version 17
VisualStudioVersion = 17.4.33213.308
MinimumVisualStudioVersion = 10.0.40219.1
Project("{FAE04EC0-301F-11D3-BF4B-00C04F79EFBC}") = "Client", "Client\Client.csproj", "{F38CD6E4-746F-4490-A045-4A82FA51CF1A}"
EndProject
Project("{FAE04EC0-301F-11D3-BF4B-00C04F79EFBC}") = "Data", "Data\Data.csproj", "{1D8936B7-FEC0-4DE6-AB8F-5F0BC012082D}"
EndProject
Project("{FAE04EC0-301F-11D3-BF4B-00C04F79EFBC}") = "Models", "Models\Models.csproj", "{134DE0C6-47FE-48D5-990B-883986B24C76}"
EndProject
Global
	GlobalSection(SolutionConfigurationPlatforms) = preSolution
		Debug|Any CPU = Debug|Any CPU
		Release|Any CPU = Release|Any CPU
	EndGlobalSection
	GlobalSection(ProjectConfigurationPlatforms) = postSolution
		{F38CD6E4-746F-4490-A045-4A82FA51CF1A}.Debug|Any CPU.ActiveCfg = Debug|Any CPU
		{F38CD6E4-746F-4490-A045-4A82FA51CF1A}.Debug|Any CPU.Build.0 = Debug|Any CPU
		{F38CD6E4-746F-4490-A045-4A82FA51CF1A}.Release|Any CPU.ActiveCfg = Release|Any CPU
		{F38CD6E4-746F-4490-A045-4A82FA51CF1A}.Release|Any CPU.Build.0 = Release|Any CPU
		{1D8936B7-FEC0-4DE6-AB8F-5F0BC012082D}.Debug|Any CPU.ActiveCfg = Debug|Any CPU
		{1D8936B7-FEC0-4DE6-AB8F-5F0BC012082D}.Debug|Any CPU.Build.0 = Debug|Any CPU
		{1D8936B7-FEC0-4DE6-AB8F-5F0BC012082D}.Release|Any CPU.ActiveCfg = Release|Any CPU
		{1D8936B7-FEC0-4DE6-AB8F-5F0BC012082D}.Release|Any CPU.Build.0 = Release|Any CPU
		{134DE0C6-47FE-48D5-990B-883986B24C76}.Debug|Any CPU.ActiveCfg = Debug|Any CPU
		{134DE0C6-47FE-48D5-990B-883986B24C76}.Debug|Any CPU.Build.0 = Debug|Any CPU
		{134DE0C6-47FE-48D5-990B-883986B24C76}.Release|Any CPU.ActiveCfg = Release|Any CPU
		{134DE0C6-47FE-48D5-990B-883986B24C76}.Release|Any CPU.Build.0 = Release|Any CPU
	EndGlobalSection
	GlobalSection(SolutionProperties) = preSolution
		HideSolutionNode = FALSE
	EndGlobalSection
	GlobalSection(ExtensibilityGlobals) = postSolution
		SolutionGuid = {A40DE727-343A-4F05-938F-AC18702A5E96}
	EndGlobalSection
EndGlobal
